
Microsoft Visual Studio Solution File, Format Version 12.00
# Visual Studio Version 17
VisualStudioVersion = 17.4.33213.308
MinimumVisualStudioVersion = 10.0.40219.1
Project("{9A19103F-16F7-4668-BE54-9A1E7A4F7556}") = "BankSystemOrganised", "BankConsoleApplication\BankSystemOrganised\BankSystemOrganised.csproj", "{6FF3E070-7C47-4568-879A-7F7BE7325C6E}"
EndProject
Project("{9A19103F-16F7-4668-BE54-9A1E7A4F7556}") = "VehicleDistributorSystem", "VehicleDistributorSystem\VehicleDistributorSystem.csproj", "{E1D0106F-813E-41AF-A2B9-0512980CB4FF}"
EndProject
Project("{9A19103F-16F7-4668-BE54-9A1E7A4F7556}") = "StringAssignment", "StringAssignment\StringAssignment.csproj", "{D0F3B198-5B6B-4E68-91B6-B8511DDBC745}"
EndProject
Project("{9A19103F-16F7-4668-BE54-9A1E7A4F7556}") = "PracticeProject", "PracticeProject\PracticeProject.csproj", "{3EE4D870-482C-4C54-82E5-EC666CBE95DE}"
EndProject
Project("{FAE04EC0-301F-11D3-BF4B-00C04F79EFBC}") = "FileHandlingAssignment", "FileHandlingAssignment\FileHandlingAssignment.csproj", "{47986874-96B0-4F58-B644-84F7CE71B0D0}"
EndProject
Global
	GlobalSection(SolutionConfigurationPlatforms) = preSolution
		Debug|Any CPU = Debug|Any CPU
		Release|Any CPU = Release|Any CPU
	EndGlobalSection
	GlobalSection(ProjectConfigurationPlatforms) = postSolution
		{6FF3E070-7C47-4568-879A-7F7BE7325C6E}.Debug|Any CPU.ActiveCfg = Debug|Any CPU
		{6FF3E070-7C47-4568-879A-7F7BE7325C6E}.Debug|Any CPU.Build.0 = Debug|Any CPU
		{6FF3E070-7C47-4568-879A-7F7BE7325C6E}.Release|Any CPU.ActiveCfg = Release|Any CPU
		{6FF3E070-7C47-4568-879A-7F7BE7325C6E}.Release|Any CPU.Build.0 = Release|Any CPU
		{E1D0106F-813E-41AF-A2B9-0512980CB4FF}.Debug|Any CPU.ActiveCfg = Debug|Any CPU
		{E1D0106F-813E-41AF-A2B9-0512980CB4FF}.Debug|Any CPU.Build.0 = Debug|Any CPU
		{E1D0106F-813E-41AF-A2B9-0512980CB4FF}.Release|Any CPU.ActiveCfg = Release|Any CPU
		{E1D0106F-813E-41AF-A2B9-0512980CB4FF}.Release|Any CPU.Build.0 = Release|Any CPU
		{D0F3B198-5B6B-4E68-91B6-B8511DDBC745}.Debug|Any CPU.ActiveCfg = Debug|Any CPU
		{D0F3B198-5B6B-4E68-91B6-B8511DDBC745}.Debug|Any CPU.Build.0 = Debug|Any CPU
		{D0F3B198-5B6B-4E68-91B6-B8511DDBC745}.Release|Any CPU.ActiveCfg = Release|Any CPU
		{D0F3B198-5B6B-4E68-91B6-B8511DDBC745}.Release|Any CPU.Build.0 = Release|Any CPU
		{3EE4D870-482C-4C54-82E5-EC666CBE95DE}.Debug|Any CPU.ActiveCfg = Debug|Any CPU
		{3EE4D870-482C-4C54-82E5-EC666CBE95DE}.Debug|Any CPU.Build.0 = Debug|Any CPU
		{3EE4D870-482C-4C54-82E5-EC666CBE95DE}.Release|Any CPU.ActiveCfg = Release|Any CPU
		{3EE4D870-482C-4C54-82E5-EC666CBE95DE}.Release|Any CPU.Build.0 = Release|Any CPU
		{47986874-96B0-4F58-B644-84F7CE71B0D0}.Debug|Any CPU.ActiveCfg = Debug|Any CPU
		{47986874-96B0-4F58-B644-84F7CE71B0D0}.Debug|Any CPU.Build.0 = Debug|Any CPU
		{47986874-96B0-4F58-B644-84F7CE71B0D0}.Release|Any CPU.ActiveCfg = Release|Any CPU
		{47986874-96B0-4F58-B644-84F7CE71B0D0}.Release|Any CPU.Build.0 = Release|Any CPU
	EndGlobalSection
	GlobalSection(SolutionProperties) = preSolution
		HideSolutionNode = FALSE
	EndGlobalSection
	GlobalSection(ExtensibilityGlobals) = postSolution
		SolutionGuid = {58D6D144-8452-4B34-81B8-8F1134C73C7F}
	EndGlobalSection
EndGlobal
